
Microsoft Visual Studio Solution File, Format Version 12.00
# Visual Studio Version 17
VisualStudioVersion = 17.5.33530.505
MinimumVisualStudioVersion = 10.0.40219.1
Project("{FAE04EC0-301F-11D3-BF4B-00C04F79EFBC}") = "SesionUsuarios", "SesionUsuarios\SesionUsuarios.csproj", "{0D928360-A74F-4257-8BD6-4F5D58F5CD76}"
EndProject
Project("{FAE04EC0-301F-11D3-BF4B-00C04F79EFBC}") = "Eventos", "Eventos\Eventos.csproj", "{FC9C4ED6-DD71-441A-B12C-E733E3D30904}"
EndProject
Project("{FAE04EC0-301F-11D3-BF4B-00C04F79EFBC}") = "StateLess", "VariablesDeSesion\StateLess.csproj", "{0D3B4F1F-94DE-4BBE-A1B6-B3CFA861B961}"
EndProject
Project("{FAE04EC0-301F-11D3-BF4B-00C04F79EFBC}") = "VariablesDeSession", "VariablesDeSession\VariablesDeSession.csproj", "{D4FB17CB-CBDF-4E23-99B0-83481A52E569}"
EndProject
Global
	GlobalSection(SolutionConfigurationPlatforms) = preSolution
		Debug|Any CPU = Debug|Any CPU
		Release|Any CPU = Release|Any CPU
	EndGlobalSection
	GlobalSection(ProjectConfigurationPlatforms) = postSolution
		{0D928360-A74F-4257-8BD6-4F5D58F5CD76}.Debug|Any CPU.ActiveCfg = Debug|Any CPU
		{0D928360-A74F-4257-8BD6-4F5D58F5CD76}.Debug|Any CPU.Build.0 = Debug|Any CPU
		{0D928360-A74F-4257-8BD6-4F5D58F5CD76}.Release|Any CPU.ActiveCfg = Release|Any CPU
		{0D928360-A74F-4257-8BD6-4F5D58F5CD76}.Release|Any CPU.Build.0 = Release|Any CPU
		{FC9C4ED6-DD71-441A-B12C-E733E3D30904}.Debug|Any CPU.ActiveCfg = Debug|Any CPU
		{FC9C4ED6-DD71-441A-B12C-E733E3D30904}.Debug|Any CPU.Build.0 = Debug|Any CPU
		{FC9C4ED6-DD71-441A-B12C-E733E3D30904}.Release|Any CPU.ActiveCfg = Release|Any CPU
		{FC9C4ED6-DD71-441A-B12C-E733E3D30904}.Release|Any CPU.Build.0 = Release|Any CPU
		{0D3B4F1F-94DE-4BBE-A1B6-B3CFA861B961}.Debug|Any CPU.ActiveCfg = Debug|Any CPU
		{0D3B4F1F-94DE-4BBE-A1B6-B3CFA861B961}.Debug|Any CPU.Build.0 = Debug|Any CPU
		{0D3B4F1F-94DE-4BBE-A1B6-B3CFA861B961}.Release|Any CPU.ActiveCfg = Release|Any CPU
		{0D3B4F1F-94DE-4BBE-A1B6-B3CFA861B961}.Release|Any CPU.Build.0 = Release|Any CPU
		{D4FB17CB-CBDF-4E23-99B0-83481A52E569}.Debug|Any CPU.ActiveCfg = Debug|Any CPU
		{D4FB17CB-CBDF-4E23-99B0-83481A52E569}.Debug|Any CPU.Build.0 = Debug|Any CPU
		{D4FB17CB-CBDF-4E23-99B0-83481A52E569}.Release|Any CPU.ActiveCfg = Release|Any CPU
		{D4FB17CB-CBDF-4E23-99B0-83481A52E569}.Release|Any CPU.Build.0 = Release|Any CPU
	EndGlobalSection
	GlobalSection(SolutionProperties) = preSolution
		HideSolutionNode = FALSE
	EndGlobalSection
	GlobalSection(ExtensibilityGlobals) = postSolution
		SolutionGuid = {E3CDC36C-2F28-40A2-B02C-63A8CAE8C20A}
	EndGlobalSection
EndGlobal
